Microsoft Visual Studio Solution File, Format Version 12.00
# Visual Studio Version 17
VisualStudioVersion = 17.5.2.0
MinimumVisualStudioVersion = 10.0.40219.1
Project("{2150E333-8FDC-42A3-9474-1A3956D46DE8}") = "AA_25-26-main", "AA_25-26-main", "{05AF1866-FA2D-F2E5-D261-0240E4B8A2FC}"
EndProject
Project("{2150E333-8FDC-42A3-9474-1A3956D46DE8}") = "AA_25-26-main", "AA_25-26-main", "{A0623037-1EED-07FB-9473-D85D4EDC1E3B}"
EndProject
Project("{FAE04EC0-301F-11D3-BF4B-00C04F79EFBC}") = "SchedulingAPI", "AA_25-26-main\AA_25-26-main\SchedulingAPI\SchedulingAPI.csproj", "{12D630F1-1774-E0C9-6C9A-D368A23CF8AE}"
EndProject
Global
	GlobalSection(SolutionConfigurationPlatforms) = preSolution
		Debug|Any CPU = Debug|Any CPU
		Release|Any CPU = Release|Any CPU
	EndGlobalSection
	GlobalSection(ProjectConfigurationPlatforms) = postSolution
		{12D630F1-1774-E0C9-6C9A-D368A23CF8AE}.Debug|Any CPU.ActiveCfg = Debug|Any CPU
		{12D630F1-1774-E0C9-6C9A-D368A23CF8AE}.Debug|Any CPU.Build.0 = Debug|Any CPU
		{12D630F1-1774-E0C9-6C9A-D368A23CF8AE}.Release|Any CPU.ActiveCfg = Release|Any CPU
		{12D630F1-1774-E0C9-6C9A-D368A23CF8AE}.Release|Any CPU.Build.0 = Release|Any CPU
	EndGlobalSection
	GlobalSection(SolutionProperties) = preSolution
		HideSolutionNode = FALSE
	EndGlobalSection
	GlobalSection(NestedProjects) = preSolution
		{A0623037-1EED-07FB-9473-D85D4EDC1E3B} = {05AF1866-FA2D-F2E5-D261-0240E4B8A2FC}
		{12D630F1-1774-E0C9-6C9A-D368A23CF8AE} = {A0623037-1EED-07FB-9473-D85D4EDC1E3B}
	EndGlobalSection
	GlobalSection(ExtensibilityGlobals) = postSolution
		SolutionGuid = {EA31DA61-49A1-4A05-8344-FFDBA9015A04}
	EndGlobalSection
EndGlobal
